// !$*UTF8*$!
{
	archiveVersion = 1;
	classes = {
	};
	objectVersion = 50;
	objects = {

/* Begin PBXBuildFile section */
		278D5860D6406D9B9009ADEF /* Pods_RJNetwork.framework in Frameworks */ = {isa = PBXBuildFile; fileRef = FDF1766E1E518170A19624E8 /* Pods_RJNetwork.framework */; };
		636F85F62508BA13000E6CDA /* AppDelegate.m in Sources */ = {isa = PBXBuildFile; fileRef = 636F85F52508BA13000E6CDA /* AppDelegate.m */; };
		636F85F92508BA13000E6CDA /* SceneDelegate.m in Sources */ = {isa = PBXBuildFile; fileRef = 636F85F82508BA13000E6CDA /* SceneDelegate.m */; };
		636F85FC2508BA13000E6CDA /* ViewController.m in Sources */ = {isa = PBXBuildFile; fileRef = 636F85FB2508BA13000E6CDA /* ViewController.m */; };
		636F85FF2508BA13000E6CDA /* Main.storyboard in Resources */ = {isa = PBXBuildFile; fileRef = 636F85FD2508BA13000E6CDA /* Main.storyboard */; };
		636F86012508BA13000E6CDA /* Assets.xcassets in Resources */ = {isa = PBXBuildFile; fileRef = 636F86002508BA13000E6CDA /* Assets.xcassets */; };
		636F86042508BA13000E6CDA /* LaunchScreen.storyboard in Resources */ = {isa = PBXBuildFile; fileRef = 636F86022508BA13000E6CDA /* LaunchScreen.storyboard */; };
		636F86072508BA13000E6CDA /* main.m in Sources */ = {isa = PBXBuildFile; fileRef = 636F86062508BA13000E6CDA /* main.m */; };
/* End PBXBuildFile section */

/* Begin PBXFileReference section */
		636F85F12508BA13000E6CDA /* RJNetwork.app */ = {isa = PBXFileReference; explicitFileType = wrapper.application; includeInIndex = 0; path = RJNetwork.app; sourceTree = BUILT_PRODUCTS_DIR; };
		636F85F42508BA13000E6CDA /* AppDelegate.h */ = {isa = PBXFileReference; lastKnownFileType = sourcecode.c.h; path = AppDelegate.h; sourceTree = "<group>"; };
		636F85F52508BA13000E6CDA /* AppDelegate.m */ = {isa = PBXFileReference; lastKnownFileType = sourcecode.c.objc; path = AppDelegate.m; sourceTree = "<group>"; };
		636F85F72508BA13000E6CDA /* SceneDelegate.h */ = {isa = PBXFileReference; lastKnownFileType = sourcecode.c.h; path = SceneDelegate.h; sourceTree = "<group>"; };
		636F85F82508BA13000E6CDA /* SceneDelegate.m */ = {isa = PBXFileReference; lastKnownFileType = sourcecode.c.objc; path = SceneDelegate.m; sourceTree = "<group>"; };
		636F85FA2508BA13000E6CDA /* ViewController.h */ = {isa = PBXFileReference; lastKnownFileType = sourcecode.c.h; path = ViewController.h; sourceTree = "<group>"; };
		636F85FB2508BA13000E6CDA /* ViewController.m */ = {isa = PBXFileReference; lastKnownFileType = sourcecode.c.objc; path = ViewController.m; sourceTree = "<group>"; };
		636F85FE2508BA13000E6CDA /* Base */ = {isa = PBXFileReference; lastKnownFileType = file.storyboard; name = Base; path = Base.lproj/Main.storyboard; sourceTree = "<group>"; };
		636F86002508BA13000E6CDA /* Assets.xcassets */ = {isa = PBXFileReference; lastKnownFileType = folder.assetcatalog; path = Assets.xcassets; sourceTree = "<group>"; };
		636F86032508BA13000E6CDA /* Base */ = {isa = PBXFileReference; lastKnownFileType = file.storyboard; name = Base; path = Base.lproj/LaunchScreen.storyboard; sourceTree = "<group>"; };
		636F86052508BA13000E6CDA /* Info.plist */ = {isa = PBXFileReference; lastKnownFileType = text.plist.xml; path = Info.plist; sourceTree = "<group>"; };
		636F86062508BA13000E6CDA /* main.m */ = {isa = PBXFileReference; lastKnownFileType = sourcecode.c.objc; path = main.m; sourceTree = "<group>"; };
		B7EA6C293BF68C3B36F16939 /* Pods-RJNetwork.debug.xcconfig */ = {isa = PBXFileReference; includeInIndex = 1; lastKnownFileType = text.xcconfig; name = "Pods-RJNetwork.debug.xcconfig"; path = "Target Support Files/Pods-RJNetwork/Pods-RJNetwork.debug.xcconfig"; sourceTree = "<group>"; };
		CC5E959C25449AFC07396E83 /* Pods-RJNetwork.release.xcconfig */ = {isa = PBXFileReference; includeInIndex = 1; lastKnownFileType = text.xcconfig; name = "Pods-RJNetwork.release.xcconfig"; path = "Target Support Files/Pods-RJNetwork/Pods-RJNetwork.release.xcconfig"; sourceTree = "<group>"; };
		FDF1766E1E518170A19624E8 /* Pods_RJNetwork.framework */ = {isa = PBXFileReference; explicitFileType = wrapper.framework; includeInIndex = 0; path = Pods_RJNetwork.framework; sourceTree = BUILT_PRODUCTS_DIR; };
/* End PBXFileReference section */

/* Begin PBXFrameworksBuildPhase section */
		636F85EE2508BA13000E6CDA /* Frameworks */ = {
			isa = PBXFrameworksBuildPhase;
			buildActionMask = 2147483647;
			files = (
				278D5860D6406D9B9009ADEF /* Pods_RJNetwork.framework in Frameworks */,
			);
			runOnlyForDeploymentPostprocessing = 0;
		};
/* End PBXFrameworksBuildPhase section */

/* Begin PBXGroup section */
		636F85E82508BA13000E6CDA = {
			isa = PBXGroup;
			children = (
				636F85F32508BA13000E6CDA /* RJNetwork */,
				636F85F22508BA13000E6CDA /* Products */,
				8F6DDD3927C80ACA814255BC /* Pods */,
				D36384F8B29C9EC0E6949325 /* Frameworks */,
			);
			sourceTree = "<group>";
		};
		636F85F22508BA13000E6CDA /* Products */ = {
			isa = PBXGroup;
			children = (
				636F85F12508BA13000E6CDA /* RJNetwork.app */,
			);
			name = Products;
			sourceTree = "<group>";
		};
		636F85F32508BA13000E6CDA /* RJNetwork */ = {
			isa = PBXGroup;
			children = (
				636F85F42508BA13000E6CDA /* AppDelegate.h */,
				636F85F52508BA13000E6CDA /* AppDelegate.m */,
				636F85F72508BA13000E6CDA /* SceneDelegate.h */,
				636F85F82508BA13000E6CDA /* SceneDelegate.m */,
				636F85FA2508BA13000E6CDA /* ViewController.h */,
				636F85FB2508BA13000E6CDA /* ViewController.m */,
				636F85FD2508BA13000E6CDA /* Main.storyboard */,
				636F86002508BA13000E6CDA /* Assets.xcassets */,
				636F86022508BA13000E6CDA /* LaunchScreen.storyboard */,
				636F86052508BA13000E6CDA /* Info.plist */,
				636F86062508BA13000E6CDA /* main.m */,
			);
			path = RJNetwork;
			sourceTree = "<group>";
		};
		8F6DDD3927C80ACA814255BC /* Pods */ = {
			isa = PBXGroup;
			children = (
				B7EA6C293BF68C3B36F16939 /* Pods-RJNetwork.debug.xcconfig */,
				CC5E959C25449AFC07396E83 /* Pods-RJNetwork.release.xcconfig */,
			);
			name = Pods;
			path = Pods;
			sourceTree = "<group>";
		};
		D36384F8B29C9EC0E6949325 /* Frameworks */ = {
			isa = PBXGroup;
			children = (
				FDF1766E1E518170A19624E8 /* Pods_RJNetwork.framework */,
			);
			name = Frameworks;
			sourceTree = "<group>";
		};
/* End PBXGroup section */

/* Begin PBXNativeTarget section */
		636F85F02508BA13000E6CDA /* RJNetwork */ = {
			isa = PBXNativeTarget;
			buildConfigurationList = 636F860A2508BA13000E6CDA /* Build configuration list for PBXNativeTarget "RJNetwork" */;
			buildPhases = (
				D3A3622DFEC85151681B4CD6 /* [CP] Check Pods Manifest.lock */,
				636F85ED2508BA13000E6CDA /* Sources */,
				636F85EE2508BA13000E6CDA /* Frameworks */,
				636F85EF2508BA13000E6CDA /* Resources */,
				ED99C826BEB0047E2F3D34F5 /* [CP] Embed Pods Frameworks */,
			);
			buildRules = (
			);
			dependencies = (
			);
			name = RJNetwork;
			productName = RJNetwork;
			productReference = 636F85F12508BA13000E6CDA /* RJNetwork.app */;
			productType = "com.apple.product-type.application";
		};
/* End PBXNativeTarget section */

/* Begin PBXProject section */
		636F85E92508BA13000E6CDA /* Project object */ = {
			isa = PBXProject;
			attributes = {
				LastUpgradeCheck = 1170;
				ORGANIZATIONNAME = "苏雅楠";
				TargetAttributes = {
					636F85F02508BA13000E6CDA = {
						CreatedOnToolsVersion = 11.7;
					};
				};
			};
			buildConfigurationList = 636F85EC2508BA13000E6CDA /* Build configuration list for PBXProject "RJNetwork" */;
			compatibilityVersion = "Xcode 9.3";
			developmentRegion = en;
			hasScannedForEncodings = 0;
			knownRegions = (
				en,
				Base,
			);
			mainGroup = 636F85E82508BA13000E6CDA;
			productRefGroup = 636F85F22508BA13000E6CDA /* Products */;
			projectDirPath = "";
			projectRoot = "";
			targets = (
				636F85F02508BA13000E6CDA /* RJNetwork */,
			);
		};
/* End PBXProject section */

/* Begin PBXResourcesBuildPhase section */
		636F85EF2508BA13000E6CDA /* Resources */ = {
			isa = PBXResourcesBuildPhase;
			buildActionMask = 2147483647;
			files = (
				636F86042508BA13000E6CDA /* LaunchScreen.storyboard in Resources */,
				636F86012508BA13000E6CDA /* Assets.xcassets in Resources */,
				636F85FF2508BA13000E6CDA /* Main.storyboard in Resources */,
			);
			runOnlyForDeploymentPostprocessing = 0;
		};
/* End PBXResourcesBuildPhase section */

/* Begin PBXShellScriptBuildPhase section */
		D3A3622DFEC85151681B4CD6 /* [CP] Check Pods Manifest.lock */ = {
			isa = PBXShellScriptBuildPhase;
			buildActionMask = 2147483647;
			files = (
			);
			inputFileListPaths = (
			);
			inputPaths = (
				"${PODS_PODFILE_DIR_PATH}/Podfile.lock",
				"${PODS_ROOT}/Manifest.lock",
			);
			name = "[CP] Check Pods Manifest.lock";
			outputFileListPaths = (
			);
			outputPaths = (
				"$(DERIVED_FILE_DIR)/Pods-RJNetwork-checkManifestLockResult.txt",
			);
			runOnlyForDeploymentPostprocessing = 0;
			shellPath = /bin/sh;
			shellScript = "diff \"${PODS_PODFILE_DIR_PATH}/Podfile.lock\" \"${PODS_ROOT}/Manifest.lock\" > /dev/null\nif [ $? != 0 ] ; then\n    # print error to STDERR\n    echo \"error: The sandbox is not in sync with the Podfile.lock. Run 'pod install' or update your CocoaPods installation.\" >&2\n    exit 1\nfi\n# This output is used by Xcode 'outputs' to avoid re-running this script phase.\necho \"SUCCESS\" > \"${SCRIPT_OUTPUT_FILE_0}\"\n";
			showEnvVarsInLog = 0;
		};
		ED99C826BEB0047E2F3D34F5 /* [CP] Embed Pods Frameworks */ = {
			isa = PBXShellScriptBuildPhase;
			buildActionMask = 2147483647;
			files = (
			);
			inputFileListPaths = (
				"${PODS_ROOT}/Target Support Files/Pods-RJNetwork/Pods-RJNetwork-frameworks-${CONFIGURATION}-input-files.xcfilelist",
			);
			name = "[CP] Embed Pods Frameworks";
			outputFileListPaths = (
				"${PODS_ROOT}/Target Support Files/Pods-RJNetwork/Pods-RJNetwork-frameworks-${CONFIGURATION}-output-files.xcfilelist",
			);
			runOnlyForDeploymentPostprocessing = 0;
			shellPath = /bin/sh;
			shellScript = "\"${PODS_ROOT}/Target Support Files/Pods-RJNetwork/Pods-RJNetwork-frameworks.sh\"\n";
			showEnvVarsInLog = 0;
		};
/* End PBXShellScriptBuildPhase section */

/* Begin PBXSourcesBuildPhase section */
		636F85ED2508BA13000E6CDA /* Sources */ = {
			isa = PBXSourcesBuildPhase;
			buildActionMask = 2147483647;
			files = (
				636F85FC2508BA13000E6CDA /* ViewController.m in Sources */,
				636F85F62508BA13000E6CDA /* AppDelegate.m in Sources */,
				636F86072508BA13000E6CDA /* main.m in Sources */,
				636F85F92508BA13000E6CDA /* SceneDelegate.m in Sources */,
			);
			runOnlyForDeploymentPostprocessing = 0;
		};
/* End PBXSourcesBuildPhase section */

/* Begin PBXVariantGroup section */
		636F85FD2508BA13000E6CDA /* Main.storyboard */ = {
			isa = PBXVariantGroup;
			children = (
				636F85FE2508BA13000E6CDA /* Base */,
			);
			name = Main.storyboard;
			sourceTree = "<group>";
		};
		636F86022508BA13000E6CDA /* LaunchScreen.storyboard */ = {
			isa = PBXVariantGroup;
			children = (
				636F86032508BA13000E6CDA /* Base */,
			);
			name = LaunchScreen.storyboard;
			sourceTree = "<group>";
		};
/* End PBXVariantGroup section */

/* Begin XCBuildConfiguration section */
		636F86082508BA13000E6CDA /* Debug */ = {
			isa = XCBuildConfiguration;
			buildSettings = {
				ALWAYS_SEARCH_USER_PATHS = NO;
				CLANG_ANALYZER_NONNULL = YES;
				CLANG_ANALYZER_NUMBER_OBJECT_CONVERSION = YES_AGGRESSIVE;
				CLANG_CXX_LANGUAGE_STANDARD = "gnu++14";
				CLANG_CXX_LIBRARY = "libc++";
				CLANG_ENABLE_MODULES = YES;
				CLANG_ENABLE_OBJC_ARC = YES;
				CLANG_ENABLE_OBJC_WEAK = YES;
				CLANG_WARN_BLOCK_CAPTURE_AUTORELEASING = YES;
				CLANG_WARN_BOOL_CONVERSION = YES;
				CLANG_WARN_COMMA = YES;
				CLANG_WARN_CONSTANT_CONVERSION = YES;
				CLANG_WARN_DEPRECATED_OBJC_IMPLEMENTATIONS = YES;
				CLANG_WARN_DIRECT_OBJC_ISA_USAGE = YES_ERROR;
				CLANG_WARN_DOCUMENTATION_COMMENTS = YES;
				CLANG_WARN_EMPTY_BODY = YES;
				CLANG_WARN_ENUM_CONVERSION = YES;
				CLANG_WARN_INFINITE_RECURSION = YES;
				CLANG_WARN_INT_CONVERSION = YES;
				CLANG_WARN_NON_LITERAL_NULL_CONVERSION = YES;
				CLANG_WARN_OBJC_IMPLICIT_RETAIN_SELF = YES;
				CLANG_WARN_OBJC_LITERAL_CONVERSION = YES;
				CLANG_WARN_OBJC_ROOT_CLASS = YES_ERROR;
				CLANG_WARN_RANGE_LOOP_ANALYSIS = YES;
				CLANG_WARN_STRICT_PROTOTYPES = YES;
				CLANG_WARN_SUSPICIOUS_MOVE = YES;
				CLANG_WARN_UNGUARDED_AVAILABILITY = YES_AGGRESSIVE;
				CLANG_WARN_UNREACHABLE_CODE = YES;
				CLANG_WARN__DUPLICATE_METHOD_MATCH = YES;
				COPY_PHASE_STRIP = NO;
				DEBUG_INFORMATION_FORMAT = dwarf;
				ENABLE_STRICT_OBJC_MSGSEND = YES;
				ENABLE_TESTABILITY = YES;
				GCC_C_LANGUAGE_STANDARD = gnu11;
				GCC_DYNAMIC_NO_PIC = NO;
				GCC_NO_COMMON_BLOCKS = YES;
				GCC_OPTIMIZATION_LEVEL = 0;
				GCC_PREPROCESSOR_DEFINITIONS = (
					"DEBUG=1",
					"$(inherited)",
				);
				GCC_WARN_64_TO_32_BIT_CONVERSION = YES;
				GCC_WARN_ABOUT_RETURN_TYPE = YES_ERROR;
				GCC_WARN_UNDECLARED_SELECTOR = YES;
				GCC_WARN_UNINITIALIZED_AUTOS = YES_AGGRESSIVE;
				GCC_WARN_UNUSED_FUNCTION = YES;
				GCC_WARN_UNUSED_VARIABLE = YES;
				IPHONEOS_DEPLOYMENT_TARGET = 13.7;
				MTL_ENABLE_DEBUG_INFO = INCLUDE_SOURCE;
				MTL_FAST_MATH = YES;
				ONLY_ACTIVE_ARCH = YES;
				SDKROOT = iphoneos;
			};
			name = Debug;
		};
		636F86092508BA13000E6CDA /* Release */ = {
			isa = XCBuildConfiguration;
			buildSettings = {
				ALWAYS_SEARCH_USER_PATHS = NO;
				CLANG_ANALYZER_NONNULL = YES;
				CLANG_ANALYZER_NUMBER_OBJECT_CONVERSION = YES_AGGRESSIVE;
				CLANG_CXX_LANGUAGE_STANDARD = "gnu++14";
				CLANG_CXX_LIBRARY = "libc++";
				CLANG_ENABLE_MODULES = YES;
				CLANG_ENABLE_OBJC_ARC = YES;
				CLANG_ENABLE_OBJC_WEAK = YES;
				CLANG_WARN_BLOCK_CAPTURE_AUTORELEASING = YES;
				CLANG_WARN_BOOL_CONVERSION = YES;
				CLANG_WARN_COMMA = YES;
				CLANG_WARN_CONSTANT_CONVERSION = YES;
				CLANG_WARN_DEPRECATED_OBJC_IMPLEMENTATIONS = YES;
				CLANG_WARN_DIRECT_OBJC_ISA_USAGE = YES_ERROR;
				CLANG_WARN_DOCUMENTATION_COMMENTS = YES;
				CLANG_WARN_EMPTY_BODY = YES;
				CLANG_WARN_ENUM_CONVERSION = YES;
				CLANG_WARN_INFINITE_RECURSION = YES;
				CLANG_WARN_INT_CONVERSION = YES;
				CLANG_WARN_NON_LITERAL_NULL_CONVERSION = YES;
				CLANG_WARN_OBJC_IMPLICIT_RETAIN_SELF = YES;
				CLANG_WARN_OBJC_LITERAL_CONVERSION = YES;
				CLANG_WARN_OBJC_ROOT_CLASS = YES_ERROR;
				CLANG_WARN_RANGE_LOOP_ANALYSIS = YES;
				CLANG_WARN_STRICT_PROTOTYPES = YES;
				CLANG_WARN_SUSPICIOUS_MOVE = YES;
				CLANG_WARN_UNGUARDED_AVAILABILITY = YES_AGGRESSIVE;
				CLANG_WARN_UNREACHABLE_CODE = YES;
				CLANG_WARN__DUPLICATE_METHOD_MATCH = YES;
				COPY_PHASE_STRIP = NO;
				DEBUG_INFORMATION_FORMAT = "dwarf-with-dsym";
				ENABLE_NS_ASSERTIONS = NO;
				ENABLE_STRICT_OBJC_MSGSEND = YES;
				GCC_C_LANGUAGE_STANDARD = gnu11;
				GCC_NO_COMMON_BLOCKS = YES;
				GCC_WARN_64_TO_32_BIT_CONVERSION = YES;
				GCC_WARN_ABOUT_RETURN_TYPE = YES_ERROR;
				GCC_WARN_UNDECLARED_SELECTOR = YES;
				GCC_WARN_UNINITIALIZED_AUTOS = YES_AGGRESSIVE;
				GCC_WARN_UNUSED_FUNCTION = YES;
				GCC_WARN_UNUSED_VARIABLE = YES;
				IPHONEOS_DEPLOYMENT_TARGET = 13.7;
				MTL_ENABLE_DEBUG_INFO = NO;
				MTL_FAST_MATH = YES;
				SDKROOT = iphoneos;
				VALIDATE_PRODUCT = YES;
			};
			name = Release;
		};
		636F860B2508BA13000E6CDA /* Debug */ = {
			isa = XCBuildConfiguration;
			baseConfigurationReference = B7EA6C293BF68C3B36F16939 /* Pods-RJNetwork.debug.xcconfig */;
			buildSettings = {
				ASSETCATALOG_COMPILER_APPICON_NAME = AppIcon;
				CODE_SIGN_STYLE = Automatic;
				DEVELOPMENT_TEAM = 28A52W76Y9;
				INFOPLIST_FILE = RJNetwork/Info.plist;
				LD_RUNPATH_SEARCH_PATHS = (
					"$(inherited)",
					"@executable_path/Frameworks",
				);
				PRODUCT_BUNDLE_IDENTIFIER = com.renard.RJNetwork;
				PRODUCT_NAME = "$(TARGET_NAME)";
				TARGETED_DEVICE_FAMILY = "1,2";
			};
			name = Debug;
		};
		636F860C2508BA13000E6CDA /* Release */ = {
			isa = XCBuildConfiguration;
			baseConfigurationReference = CC5E959C25449AFC07396E83 /* Pods-RJNetwork.release.xcconfig */;
			buildSettings = {
				ASSETCATALOG_COMPILER_APPICON_NAME = AppIcon;
				CODE_SIGN_STYLE = Automatic;
				DEVELOPMENT_TEAM = 28A52W76Y9;
				INFOPLIST_FILE = RJNetwork/Info.plist;
				LD_RUNPATH_SEARCH_PATHS = (
					"$(inherited)",
					"@executable_path/Frameworks",
				);
				PRODUCT_BUNDLE_IDENTIFIER = com.renard.RJNetwork;
				PRODUCT_NAME = "$(TARGET_NAME)";
				TARGETED_DEVICE_FAMILY = "1,2";
			};
			name = Release;
		};
/* End XCBuildConfiguration section */

/* Begin XCConfigurationList section */
		636F85EC2508BA13000E6CDA /* Build configuration list for PBXProject "RJNetwork" */ = {
			isa = XCConfigurationList;
			buildConfigurations = (
				636F86082508BA13000E6CDA /* Debug */,
				636F86092508BA13000E6CDA /* Release */,
			);
			defaultConfigurationIsVisible = 0;
			defaultConfigurationName = Release;
		};
		636F860A2508BA13000E6CDA /* Build configuration list for PBXNativeTarget "RJNetwork" */ = {
			isa = XCConfigurationList;
			buildConfigurations = (
				636F860B2508BA13000E6CDA /* Debug */,
				636F860C2508BA13000E6CDA /* Release */,
			);
			defaultConfigurationIsVisible = 0;
			defaultConfigurationName = Release;
		};
/* End XCConfigurationList section */
	};
	rootObject = 636F85E92508BA13000E6CDA /* Project object */;
}
